// !$*UTF8*$!
{
	archiveVersion = 1;
	classes = {
	};
	objectVersion = 52;
	objects = {

/* Begin PBXBuildFile section */
		F398811026BB640100AB9B89 /* AlgoGreatCausesApp.swift in Sources */ = {isa = PBXBuildFile; fileRef = F398810F26BB640100AB9B89 /* AlgoGreatCausesApp.swift */; };
		F398811226BB640100AB9B89 /* ContentView.swift in Sources */ = {isa = PBXBuildFile; fileRef = F398811126BB640100AB9B89 /* ContentView.swift */; };
		F398811426BB640500AB9B89 /* Assets.xcassets in Resources */ = {isa = PBXBuildFile; fileRef = F398811326BB640500AB9B89 /* Assets.xcassets */; };
		F398811726BB640500AB9B89 /* Preview Assets.xcassets in Resources */ = {isa = PBXBuildFile; fileRef = F398811626BB640500AB9B89 /* Preview Assets.xcassets */; };
		F398812026BB64A000AB9B89 /* swift-algorand-sdk in Frameworks */ = {isa = PBXBuildFile; productRef = F398811F26BB64A000AB9B89 /* swift-algorand-sdk */; };
		F398812226BB65A100AB9B89 /* categoriesUI.swift in Sources */ = {isa = PBXBuildFile; fileRef = F398812126BB65A100AB9B89 /* categoriesUI.swift */; };
		F398812426BB66A500AB9B89 /* data.swift in Sources */ = {isa = PBXBuildFile; fileRef = F398812326BB66A500AB9B89 /* data.swift */; };
		F398812626BB675200AB9B89 /* compile.teal.txt in Resources */ = {isa = PBXBuildFile; fileRef = F398812526BB675200AB9B89 /* compile.teal.txt */; };
		F398812826BB67BD00AB9B89 /* donationUI.swift in Sources */ = {isa = PBXBuildFile; fileRef = F398812726BB67BD00AB9B89 /* donationUI.swift */; };
/* End PBXBuildFile section */

/* Begin PBXFileReference section */
		F398810C26BB640100AB9B89 /* AlgoGreatCauses.app */ = {isa = PBXFileReference; explicitFileType = wrapper.application; includeInIndex = 0; path = AlgoGreatCauses.app; sourceTree = BUILT_PRODUCTS_DIR; };
		F398810F26BB640100AB9B89 /* AlgoGreatCausesApp.swift */ = {isa = PBXFileReference; lastKnownFileType = sourcecode.swift; path = AlgoGreatCausesApp.swift; sourceTree = "<group>"; };
		F398811126BB640100AB9B89 /* ContentView.swift */ = {isa = PBXFileReference; lastKnownFileType = sourcecode.swift; path = ContentView.swift; sourceTree = "<group>"; };
		F398811326BB640500AB9B89 /* Assets.xcassets */ = {isa = PBXFileReference; lastKnownFileType = folder.assetcatalog; path = Assets.xcassets; sourceTree = "<group>"; };
		F398811626BB640500AB9B89 /* Preview Assets.xcassets */ = {isa = PBXFileReference; lastKnownFileType = folder.assetcatalog; path = "Preview Assets.xcassets"; sourceTree = "<group>"; };
		F398811826BB640500AB9B89 /* Info.plist */ = {isa = PBXFileReference; lastKnownFileType = text.plist.xml; path = Info.plist; sourceTree = "<group>"; };
		F398812126BB65A100AB9B89 /* categoriesUI.swift */ = {isa = PBXFileReference; lastKnownFileType = sourcecode.swift; path = categoriesUI.swift; sourceTree = "<group>"; };
		F398812326BB66A500AB9B89 /* data.swift */ = {isa = PBXFileReference; lastKnownFileType = sourcecode.swift; path = data.swift; sourceTree = "<group>"; };
		F398812526BB675200AB9B89 /* compile.teal.txt */ = {isa = PBXFileReference; fileEncoding = 4; lastKnownFileType = text; path = compile.teal.txt; sourceTree = "<group>"; };
		F398812726BB67BD00AB9B89 /* donationUI.swift */ = {isa = PBXFileReference; lastKnownFileType = sourcecode.swift; path = donationUI.swift; sourceTree = "<group>"; };
/* End PBXFileReference section */

/* Begin PBXFrameworksBuildPhase section */
		F398810926BB640100AB9B89 /* Frameworks */ = {
			isa = PBXFrameworksBuildPhase;
			buildActionMask = 2147483647;
			files = (
				F398812026BB64A000AB9B89 /* swift-algorand-sdk in Frameworks */,
			);
			runOnlyForDeploymentPostprocessing = 0;
		};
/* End PBXFrameworksBuildPhase section */

/* Begin PBXGroup section */
		F398810326BB640100AB9B89 = {
			isa = PBXGroup;
			children = (
				F398810E26BB640100AB9B89 /* AlgoGreatCauses */,
				F398810D26BB640100AB9B89 /* Products */,
			);
			sourceTree = "<group>";
		};
		F398810D26BB640100AB9B89 /* Products */ = {
			isa = PBXGroup;
			children = (
				F398810C26BB640100AB9B89 /* AlgoGreatCauses.app */,
			);
			name = Products;
			sourceTree = "<group>";
		};
		F398810E26BB640100AB9B89 /* AlgoGreatCauses */ = {
			isa = PBXGroup;
			children = (
				F398810F26BB640100AB9B89 /* AlgoGreatCausesApp.swift */,
				F398811126BB640100AB9B89 /* ContentView.swift */,
				F398812326BB66A500AB9B89 /* data.swift */,
				F398812126BB65A100AB9B89 /* categoriesUI.swift */,
				F398812726BB67BD00AB9B89 /* donationUI.swift */,
				F398812526BB675200AB9B89 /* compile.teal.txt */,
				F398811326BB640500AB9B89 /* Assets.xcassets */,
				F398811826BB640500AB9B89 /* Info.plist */,
				F398811526BB640500AB9B89 /* Preview Content */,
			);
			path = AlgoGreatCauses;
			sourceTree = "<group>";
		};
		F398811526BB640500AB9B89 /* Preview Content */ = {
			isa = PBXGroup;
			children = (
				F398811626BB640500AB9B89 /* Preview Assets.xcassets */,
			);
			path = "Preview Content";
			sourceTree = "<group>";
		};
/* End PBXGroup section */

/* Begin PBXNativeTarget section */
		F398810B26BB640100AB9B89 /* AlgoGreatCauses */ = {
			isa = PBXNativeTarget;
			buildConfigurationList = F398811B26BB640500AB9B89 /* Build configuration list for PBXNativeTarget "AlgoGreatCauses" */;
			buildPhases = (
				F398810826BB640100AB9B89 /* Sources */,
				F398810926BB640100AB9B89 /* Frameworks */,
				F398810A26BB640100AB9B89 /* Resources */,
			);
			buildRules = (
			);
			dependencies = (
			);
			name = AlgoGreatCauses;
			packageProductDependencies = (
				F398811F26BB64A000AB9B89 /* swift-algorand-sdk */,
			);
			productName = AlgoGreatCauses;
			productReference = F398810C26BB640100AB9B89 /* AlgoGreatCauses.app */;
			productType = "com.apple.product-type.application";
		};
/* End PBXNativeTarget section */

/* Begin PBXProject section */
		F398810426BB640100AB9B89 /* Project object */ = {
			isa = PBXProject;
			attributes = {
				LastSwiftUpdateCheck = 1250;
				LastUpgradeCheck = 1250;
				TargetAttributes = {
					F398810B26BB640100AB9B89 = {
						CreatedOnToolsVersion = 12.5.1;
					};
				};
			};
			buildConfigurationList = F398810726BB640100AB9B89 /* Build configuration list for PBXProject "AlgoGreatCauses" */;
			compatibilityVersion = "Xcode 9.3";
			developmentRegion = en;
			hasScannedForEncodings = 0;
			knownRegions = (
				en,
				Base,
			);
			mainGroup = F398810326BB640100AB9B89;
			packageReferences = (
				F398811E26BB64A000AB9B89 /* XCRemoteSwiftPackageReference "Swift-Algorand-Sdk" */,
			);
			productRefGroup = F398810D26BB640100AB9B89 /* Products */;
			projectDirPath = "";
			projectRoot = "";
			targets = (
				F398810B26BB640100AB9B89 /* AlgoGreatCauses */,
			);
		};
/* End PBXProject section */

/* Begin PBXResourcesBuildPhase section */
		F398810A26BB640100AB9B89 /* Resources */ = {
			isa = PBXResourcesBuildPhase;
			buildActionMask = 2147483647;
			files = (
				F398812626BB675200AB9B89 /* compile.teal.txt in Resources */,
				F398811726BB640500AB9B89 /* Preview Assets.xcassets in Resources */,
				F398811426BB640500AB9B89 /* Assets.xcassets in Resources */,
			);
			runOnlyForDeploymentPostprocessing = 0;
		};
/* End PBXResourcesBuildPhase section */

/* Begin PBXSourcesBuildPhase section */
		F398810826BB640100AB9B89 /* Sources */ = {
			isa = PBXSourcesBuildPhase;
			buildActionMask = 2147483647;
			files = (
				F398812826BB67BD00AB9B89 /* donationUI.swift in Sources */,
				F398811226BB640100AB9B89 /* ContentView.swift in Sources */,
				F398812226BB65A100AB9B89 /* categoriesUI.swift in Sources */,
				F398811026BB640100AB9B89 /* AlgoGreatCausesApp.swift in Sources */,
				F398812426BB66A500AB9B89 /* data.swift in Sources */,
			);
			runOnlyForDeploymentPostprocessing = 0;
		};
/* End PBXSourcesBuildPhase section */

/* Begin XCBuildConfiguration section */
		F398811926BB640500AB9B89 /* Debug */ = {
			isa = XCBuildConfiguration;
			buildSettings = {
				ALWAYS_SEARCH_USER_PATHS = NO;
				CLANG_ANALYZER_NONNULL = YES;
				CLANG_ANALYZER_NUMBER_OBJECT_CONVERSION = YES_AGGRESSIVE;
				CLANG_CXX_LANGUAGE_STANDARD = "gnu++14";
				CLANG_CXX_LIBRARY = "libc++";
				CLANG_ENABLE_MODULES = YES;
				CLANG_ENABLE_OBJC_ARC = YES;
				CLANG_ENABLE_OBJC_WEAK = YES;
				CLANG_WARN_BLOCK_CAPTURE_AUTORELEASING = YES;
				CLANG_WARN_BOOL_CONVERSION = YES;
				CLANG_WARN_COMMA = YES;
				CLANG_WARN_CONSTANT_CONVERSION = YES;
				CLANG_WARN_DEPRECATED_OBJC_IMPLEMENTATIONS = YES;
				CLANG_WARN_DIRECT_OBJC_ISA_USAGE = YES_ERROR;
				CLANG_WARN_DOCUMENTATION_COMMENTS = YES;
				CLANG_WARN_EMPTY_BODY = YES;
				CLANG_WARN_ENUM_CONVERSION = YES;
				CLANG_WARN_INFINITE_RECURSION = YES;
				CLANG_WARN_INT_CONVERSION = YES;
				CLANG_WARN_NON_LITERAL_NULL_CONVERSION = YES;
				CLANG_WARN_OBJC_IMPLICIT_RETAIN_SELF = YES;
				CLANG_WARN_OBJC_LITERAL_CONVERSION = YES;
				CLANG_WARN_OBJC_ROOT_CLASS = YES_ERROR;
				CLANG_WARN_QUOTED_INCLUDE_IN_FRAMEWORK_HEADER = YES;
				CLANG_WARN_RANGE_LOOP_ANALYSIS = YES;
				CLANG_WARN_STRICT_PROTOTYPES = YES;
				CLANG_WARN_SUSPICIOUS_MOVE = YES;
				CLANG_WARN_UNGUARDED_AVAILABILITY = YES_AGGRESSIVE;
				CLANG_WARN_UNREACHABLE_CODE = YES;
				CLANG_WARN__DUPLICATE_METHOD_MATCH = YES;
				COPY_PHASE_STRIP = NO;
				DEBUG_INFORMATION_FORMAT = dwarf;
				ENABLE_STRICT_OBJC_MSGSEND = YES;
				ENABLE_TESTABILITY = YES;
				GCC_C_LANGUAGE_STANDARD = gnu11;
				GCC_DYNAMIC_NO_PIC = NO;
				GCC_NO_COMMON_BLOCKS = YES;
				GCC_OPTIMIZATION_LEVEL = 0;
				GCC_PREPROCESSOR_DEFINITIONS = (
					"DEBUG=1",
					"$(inherited)",
				);
				GCC_WARN_64_TO_32_BIT_CONVERSION = YES;
				GCC_WARN_ABOUT_RETURN_TYPE = YES_ERROR;
				GCC_WARN_UNDECLARED_SELECTOR = YES;
				GCC_WARN_UNINITIALIZED_AUTOS = YES_AGGRESSIVE;
				GCC_WARN_UNUSED_FUNCTION = YES;
				GCC_WARN_UNUSED_VARIABLE = YES;
				IPHONEOS_DEPLOYMENT_TARGET = 14.5;
				MTL_ENABLE_DEBUG_INFO = INCLUDE_SOURCE;
				MTL_FAST_MATH = YES;
				ONLY_ACTIVE_ARCH = YES;
				SDKROOT = iphoneos;
				SWIFT_ACTIVE_COMPILATION_CONDITIONS = DEBUG;
				SWIFT_OPTIMIZATION_LEVEL = "-Onone";
			};
			name = Debug;
		};
		F398811A26BB640500AB9B89 /* Release */ = {
			isa = XCBuildConfiguration;
			buildSettings = {
				ALWAYS_SEARCH_USER_PATHS = NO;
				CLANG_ANALYZER_NONNULL = YES;
				CLANG_ANALYZER_NUMBER_OBJECT_CONVERSION = YES_AGGRESSIVE;
				CLANG_CXX_LANGUAGE_STANDARD = "gnu++14";
				CLANG_CXX_LIBRARY = "libc++";
				CLANG_ENABLE_MODULES = YES;
				CLANG_ENABLE_OBJC_ARC = YES;
				CLANG_ENABLE_OBJC_WEAK = YES;
				CLANG_WARN_BLOCK_CAPTURE_AUTORELEASING = YES;
				CLANG_WARN_BOOL_CONVERSION = YES;
				CLANG_WARN_COMMA = YES;
				CLANG_WARN_CONSTANT_CONVERSION = YES;
				CLANG_WARN_DEPRECATED_OBJC_IMPLEMENTATIONS = YES;
				CLANG_WARN_DIRECT_OBJC_ISA_USAGE = YES_ERROR;
				CLANG_WARN_DOCUMENTATION_COMMENTS = YES;
				CLANG_WARN_EMPTY_BODY = YES;
				CLANG_WARN_ENUM_CONVERSION = YES;
				CLANG_WARN_INFINITE_RECURSION = YES;
				CLANG_WARN_INT_CONVERSION = YES;
				CLANG_WARN_NON_LITERAL_NULL_CONVERSION = YES;
				CLANG_WARN_OBJC_IMPLICIT_RETAIN_SELF = YES;
				CLANG_WARN_OBJC_LITERAL_CONVERSION = YES;
				CLANG_WARN_OBJC_ROOT_CLASS = YES_ERROR;
				CLANG_WARN_QUOTED_INCLUDE_IN_FRAMEWORK_HEADER = YES;
				CLANG_WARN_RANGE_LOOP_ANALYSIS = YES;
				CLANG_WARN_STRICT_PROTOTYPES = YES;
				CLANG_WARN_SUSPICIOUS_MOVE = YES;
				CLANG_WARN_UNGUARDED_AVAILABILITY = YES_AGGRESSIVE;
				CLANG_WARN_UNREACHABLE_CODE = YES;
				CLANG_WARN__DUPLICATE_METHOD_MATCH = YES;
				COPY_PHASE_STRIP = NO;
				DEBUG_INFORMATION_FORMAT = "dwarf-with-dsym";
				ENABLE_NS_ASSERTIONS = NO;
				ENABLE_STRICT_OBJC_MSGSEND = YES;
				GCC_C_LANGUAGE_STANDARD = gnu11;
				GCC_NO_COMMON_BLOCKS = YES;
				GCC_WARN_64_TO_32_BIT_CONVERSION = YES;
				GCC_WARN_ABOUT_RETURN_TYPE = YES_ERROR;
				GCC_WARN_UNDECLARED_SELECTOR = YES;
				GCC_WARN_UNINITIALIZED_AUTOS = YES_AGGRESSIVE;
				GCC_WARN_UNUSED_FUNCTION = YES;
				GCC_WARN_UNUSED_VARIABLE = YES;
				IPHONEOS_DEPLOYMENT_TARGET = 14.5;
				MTL_ENABLE_DEBUG_INFO = NO;
				MTL_FAST_MATH = YES;
				SDKROOT = iphoneos;
				SWIFT_COMPILATION_MODE = wholemodule;
				SWIFT_OPTIMIZATION_LEVEL = "-O";
				VALIDATE_PRODUCT = YES;
			};
			name = Release;
		};
		F398811C26BB640500AB9B89 /* Debug */ = {
			isa = XCBuildConfiguration;
			buildSettings = {
				ASSETCATALOG_COMPILER_APPICON_NAME = AppIcon;
				ASSETCATALOG_COMPILER_GLOBAL_ACCENT_COLOR_NAME = AccentColor;
				CODE_SIGN_STYLE = Automatic;
				DEVELOPMENT_ASSET_PATHS = "\"AlgoGreatCauses/Preview Content\"";
				DEVELOPMENT_TEAM = 78F53PVES8;
				ENABLE_PREVIEWS = YES;
				INFOPLIST_FILE = AlgoGreatCauses/Info.plist;
				IPHONEOS_DEPLOYMENT_TARGET = 14.0;
				LD_RUNPATH_SEARCH_PATHS = (
					"$(inherited)",
					"@executable_path/Frameworks",
				);
				PRODUCT_BUNDLE_IDENTIFIER = com.3dlifestudio.AlgoGreatCauses;
				PRODUCT_NAME = "$(TARGET_NAME)";
				SWIFT_VERSION = 5.0;
				TARGETED_DEVICE_FAMILY = "1,2";
			};
			name = Debug;
		};
		F398811D26BB640500AB9B89 /* Release */ = {
			isa = XCBuildConfiguration;
			buildSettings = {
				ASSETCATALOG_COMPILER_APPICON_NAME = AppIcon;
				ASSETCATALOG_COMPILER_GLOBAL_ACCENT_COLOR_NAME = AccentColor;
				CODE_SIGN_STYLE = Automatic;
				DEVELOPMENT_ASSET_PATHS = "\"AlgoGreatCauses/Preview Content\"";
				DEVELOPMENT_TEAM = 78F53PVES8;
				ENABLE_PREVIEWS = YES;
				INFOPLIST_FILE = AlgoGreatCauses/Info.plist;
				IPHONEOS_DEPLOYMENT_TARGET = 14.0;
				LD_RUNPATH_SEARCH_PATHS = (
					"$(inherited)",
					"@executable_path/Frameworks",
				);
				PRODUCT_BUNDLE_IDENTIFIER = com.3dlifestudio.AlgoGreatCauses;
				PRODUCT_NAME = "$(TARGET_NAME)";
				SWIFT_VERSION = 5.0;
				TARGETED_DEVICE_FAMILY = "1,2";
			};
			name = Release;
		};
/* End XCBuildConfiguration section */

/* Begin XCConfigurationList section */
		F398810726BB640100AB9B89 /* Build configuration list for PBXProject "AlgoGreatCauses" */ = {
			isa = XCConfigurationList;
			buildConfigurations = (
				F398811926BB640500AB9B89 /* Debug */,
				F398811A26BB640500AB9B89 /* Release */,
			);
			defaultConfigurationIsVisible = 0;
			defaultConfigurationName = Release;
		};
		F398811B26BB640500AB9B89 /* Build configuration list for PBXNativeTarget "AlgoGreatCauses" */ = {
			isa = XCConfigurationList;
			buildConfigurations = (
				F398811C26BB640500AB9B89 /* Debug */,
				F398811D26BB640500AB9B89 /* Release */,
			);
			defaultConfigurationIsVisible = 0;
			defaultConfigurationName = Release;
		};
/* End XCConfigurationList section */

/* Begin XCRemoteSwiftPackageReference section */
		F398811E26BB64A000AB9B89 /* XCRemoteSwiftPackageReference "Swift-Algorand-Sdk" */ = {
			isa = XCRemoteSwiftPackageReference;
			repositoryURL = "https://github.com/Jesulonimi21/Swift-Algorand-Sdk.git";
			requirement = {
				branch = main;
				kind = branch;
			};
		};
/* End XCRemoteSwiftPackageReference section */

/* Begin XCSwiftPackageProductDependency section */
		F398811F26BB64A000AB9B89 /* swift-algorand-sdk */ = {
			isa = XCSwiftPackageProductDependency;
			package = F398811E26BB64A000AB9B89 /* XCRemoteSwiftPackageReference "Swift-Algorand-Sdk" */;
			productName = "swift-algorand-sdk";
		};
/* End XCSwiftPackageProductDependency section */
	};
	rootObject = F398810426BB640100AB9B89 /* Project object */;
}
